
Microsoft Visual Studio Solution File, Format Version 12.00
# Visual Studio Version 17
VisualStudioVersion = 17.5.33502.453
MinimumVisualStudioVersion = 10.0.40219.1
Project("{8BC9CEB8-8B4A-11D0-8D11-00A0C91BC942}") = "167_Pointer", "167_Pointer\167_Pointer.vcxproj", "{F7B64863-D544-4435-B07F-CF9C147785AE}"
EndProject
Project("{8BC9CEB8-8B4A-11D0-8D11-00A0C91BC942}") = "Project2", "Project2\Project2.vcxproj", "{6BD5FA35-E932-442B-801B-66355315750D}"
EndProject
Project("{8BC9CEB8-8B4A-11D0-8D11-00A0C91BC942}") = "project3", "project3\project3.vcxproj", "{A2284E6A-32C1-4A3E-AC61-06A01A1665B1}"
EndProject
Project("{8BC9CEB8-8B4A-11D0-8D11-00A0C91BC942}") = "Project4", "Project4\Project4.vcxproj", "{49D3B23A-6B90-413F-9321-CFA99101AF33}"
EndProject
Project("{8BC9CEB8-8B4A-11D0-8D11-00A0C91BC942}") = "Project5", "Project5\Project5.vcxproj", "{BA024C94-407A-4CF0-8EBC-29E9F18EAC37}"
EndProject
Global
	GlobalSection(SolutionConfigurationPlatforms) = preSolution
		Debug|x64 = Debug|x64
		Debug|x86 = Debug|x86
		Release|x64 = Release|x64
		Release|x86 = Release|x86
	EndGlobalSection
	GlobalSection(ProjectConfigurationPlatforms) = postSolution
		{F7B64863-D544-4435-B07F-CF9C147785AE}.Debug|x64.ActiveCfg = Debug|x64
		{F7B64863-D544-4435-B07F-CF9C147785AE}.Debug|x64.Build.0 = Debug|x64
		{F7B64863-D544-4435-B07F-CF9C147785AE}.Debug|x86.ActiveCfg = Debug|Win32
		{F7B64863-D544-4435-B07F-CF9C147785AE}.Debug|x86.Build.0 = Debug|Win32
		{F7B64863-D544-4435-B07F-CF9C147785AE}.Release|x64.ActiveCfg = Release|x64
		{F7B64863-D544-4435-B07F-CF9C147785AE}.Release|x64.Build.0 = Release|x64
		{F7B64863-D544-4435-B07F-CF9C147785AE}.Release|x86.ActiveCfg = Release|Win32
		{F7B64863-D544-4435-B07F-CF9C147785AE}.Release|x86.Build.0 = Release|Win32
		{6BD5FA35-E932-442B-801B-66355315750D}.Debug|x64.ActiveCfg = Debug|x64
		{6BD5FA35-E932-442B-801B-66355315750D}.Debug|x64.Build.0 = Debug|x64
		{6BD5FA35-E932-442B-801B-66355315750D}.Debug|x86.ActiveCfg = Debug|Win32
		{6BD5FA35-E932-442B-801B-66355315750D}.Debug|x86.Build.0 = Debug|Win32
		{6BD5FA35-E932-442B-801B-66355315750D}.Release|x64.ActiveCfg = Release|x64
		{6BD5FA35-E932-442B-801B-66355315750D}.Release|x64.Build.0 = Release|x64
		{6BD5FA35-E932-442B-801B-66355315750D}.Release|x86.ActiveCfg = Release|Win32
		{6BD5FA35-E932-442B-801B-66355315750D}.Release|x86.Build.0 = Release|Win32
		{A2284E6A-32C1-4A3E-AC61-06A01A1665B1}.Debug|x64.ActiveCfg = Debug|x64
		{A2284E6A-32C1-4A3E-AC61-06A01A1665B1}.Debug|x64.Build.0 = Debug|x64
		{A2284E6A-32C1-4A3E-AC61-06A01A1665B1}.Debug|x86.ActiveCfg = Debug|Win32
		{A2284E6A-32C1-4A3E-AC61-06A01A1665B1}.Debug|x86.Build.0 = Debug|Win32
		{A2284E6A-32C1-4A3E-AC61-06A01A1665B1}.Release|x64.ActiveCfg = Release|x64
		{A2284E6A-32C1-4A3E-AC61-06A01A1665B1}.Release|x64.Build.0 = Release|x64
		{A2284E6A-32C1-4A3E-AC61-06A01A1665B1}.Release|x86.ActiveCfg = Release|Win32
		{A2284E6A-32C1-4A3E-AC61-06A01A1665B1}.Release|x86.Build.0 = Release|Win32
		{49D3B23A-6B90-413F-9321-CFA99101AF33}.Debug|x64.ActiveCfg = Debug|x64
		{49D3B23A-6B90-413F-9321-CFA99101AF33}.Debug|x64.Build.0 = Debug|x64
		{49D3B23A-6B90-413F-9321-CFA99101AF33}.Debug|x86.ActiveCfg = Debug|Win32
		{49D3B23A-6B90-413F-9321-CFA99101AF33}.Debug|x86.Build.0 = Debug|Win32
		{49D3B23A-6B90-413F-9321-CFA99101AF33}.Release|x64.ActiveCfg = Release|x64
		{49D3B23A-6B90-413F-9321-CFA99101AF33}.Release|x64.Build.0 = Release|x64
		{49D3B23A-6B90-413F-9321-CFA99101AF33}.Release|x86.ActiveCfg = Release|Win32
		{49D3B23A-6B90-413F-9321-CFA99101AF33}.Release|x86.Build.0 = Release|Win32
		{BA024C94-407A-4CF0-8EBC-29E9F18EAC37}.Debug|x64.ActiveCfg = Debug|x64
		{BA024C94-407A-4CF0-8EBC-29E9F18EAC37}.Debug|x64.Build.0 = Debug|x64
		{BA024C94-407A-4CF0-8EBC-29E9F18EAC37}.Debug|x86.ActiveCfg = Debug|Win32
		{BA024C94-407A-4CF0-8EBC-29E9F18EAC37}.Debug|x86.Build.0 = Debug|Win32
		{BA024C94-407A-4CF0-8EBC-29E9F18EAC37}.Release|x64.ActiveCfg = Release|x64
		{BA024C94-407A-4CF0-8EBC-29E9F18EAC37}.Release|x64.Build.0 = Release|x64
		{BA024C94-407A-4CF0-8EBC-29E9F18EAC37}.Release|x86.ActiveCfg = Release|Win32
		{BA024C94-407A-4CF0-8EBC-29E9F18EAC37}.Release|x86.Build.0 = Release|Win32
	EndGlobalSection
	GlobalSection(SolutionProperties) = preSolution
		HideSolutionNode = FALSE
	EndGlobalSection
	GlobalSection(ExtensibilityGlobals) = postSolution
		SolutionGuid = {B50F4F03-1C09-4D00-AD66-54F6AB7AB531}
	EndGlobalSection
EndGlobal
